
Microsoft Visual Studio Solution File, Format Version 12.00
# Visual Studio Version 16
VisualStudioVersion = 16.0.30711.63
MinimumVisualStudioVersion = 10.0.40219.1
Project("{FAE04EC0-301F-11D3-BF4B-00C04F79EFBC}") = "Rover", "Rover\Rover.csproj", "{5F0BB2FA-9422-4670-81DA-494E1017659F}"
EndProject
Project("{FAE04EC0-301F-11D3-BF4B-00C04F79EFBC}") = "Rover.Test", "Rover.Test\Rover.Test.csproj", "{822935FB-73A0-4D0D-83B7-4F98D203B746}"
EndProject
Global
	GlobalSection(SolutionConfigurationPlatforms) = preSolution
		Debug|Any CPU = Debug|Any CPU
		Release|Any CPU = Release|Any CPU
	EndGlobalSection
	GlobalSection(ProjectConfigurationPlatforms) = postSolution
		{5F0BB2FA-9422-4670-81DA-494E1017659F}.Debug|Any CPU.ActiveCfg = Debug|Any CPU
		{5F0BB2FA-9422-4670-81DA-494E1017659F}.Debug|Any CPU.Build.0 = Debug|Any CPU
		{5F0BB2FA-9422-4670-81DA-494E1017659F}.Release|Any CPU.ActiveCfg = Release|Any CPU
		{5F0BB2FA-9422-4670-81DA-494E1017659F}.Release|Any CPU.Build.0 = Release|Any CPU
		{822935FB-73A0-4D0D-83B7-4F98D203B746}.Debug|Any CPU.ActiveCfg = Debug|Any CPU
		{822935FB-73A0-4D0D-83B7-4F98D203B746}.Debug|Any CPU.Build.0 = Debug|Any CPU
		{822935FB-73A0-4D0D-83B7-4F98D203B746}.Release|Any CPU.ActiveCfg = Release|Any CPU
		{822935FB-73A0-4D0D-83B7-4F98D203B746}.Release|Any CPU.Build.0 = Release|Any CPU
	EndGlobalSection
	GlobalSection(SolutionProperties) = preSolution
		HideSolutionNode = FALSE
	EndGlobalSection
	GlobalSection(ExtensibilityGlobals) = postSolution
		SolutionGuid = {008E8897-CACF-4AF3-A5CB-78615515DC0A}
	EndGlobalSection
EndGlobal
